
Microsoft Visual Studio Solution File, Format Version 12.00
# Visual Studio Version 17
VisualStudioVersion = 17.2.32516.85
MinimumVisualStudioVersion = 10.0.40219.1
Project("{FAE04EC0-301F-11D3-BF4B-00C04F79EFBC}") = "JamLabsNg", "JamLabsNg\JamLabsNg.csproj", "{0A909A07-8800-482F-9B8E-BFD1C0EDFA6D}"
EndProject
Global
	GlobalSection(SolutionConfigurationPlatforms) = preSolution
		Debug|Any CPU = Debug|Any CPU
		Release|Any CPU = Release|Any CPU
	EndGlobalSection
	GlobalSection(ProjectConfigurationPlatforms) = postSolution
		{0A909A07-8800-482F-9B8E-BFD1C0EDFA6D}.Debug|Any CPU.ActiveCfg = Debug|Any CPU
		{0A909A07-8800-482F-9B8E-BFD1C0EDFA6D}.Debug|Any CPU.Build.0 = Debug|Any CPU
		{0A909A07-8800-482F-9B8E-BFD1C0EDFA6D}.Release|Any CPU.ActiveCfg = Release|Any CPU
		{0A909A07-8800-482F-9B8E-BFD1C0EDFA6D}.Release|Any CPU.Build.0 = Release|Any CPU
	EndGlobalSection
	GlobalSection(SolutionProperties) = preSolution
		HideSolutionNode = FALSE
	EndGlobalSection
	GlobalSection(ExtensibilityGlobals) = postSolution
		SolutionGuid = {17CF2368-2587-42A6-B9E7-554929865232}
	EndGlobalSection
EndGlobal
